{
  "nodes": {
    "nixpkgs": {
      "locked": {
        "lastModified": 1773909469,
        "narHash": "sha256-vglVrLfHjFIzIdV9A27Ugul6rh3I1qHbbitGW7dk420=",
        "owner": "NixOS",
        "repo": "nixpkgs",
        "rev": "7149c06513f335be57f26fcbbbe34afda923882b",
        "type": "github"
      },
      "original": {
        "owner": "NixOS",
        "ref": "nixpkgs-unstable",
        "repo": "nixpkgs",
        "type": "github"
      }
    },
    "root": {
      "inputs": {
        "nixpkgs": "nixpkgs"
      }
    }
  },
  "root": "root",
  "version": 7
}
